
Microsoft Visual Studio Solution File, Format Version 12.00
# Visual Studio Version 17
VisualStudioVersion = 17.9.34728.123
MinimumVisualStudioVersion = 10.0.40219.1
Project("{FAE04EC0-301F-11D3-BF4B-00C04F79EFBC}") = "GithubApp_Lab1", "GithubApp_Lab1\GithubApp_Lab1.csproj", "{64499C71-AAF1-4C7F-A3A6-0962DC276D55}"
EndProject
Global
	GlobalSection(SolutionConfigurationPlatforms) = preSolution
		Debug|Any CPU = Debug|Any CPU
		Release|Any CPU = Release|Any CPU
	EndGlobalSection
	GlobalSection(ProjectConfigurationPlatforms) = postSolution
		{64499C71-AAF1-4C7F-A3A6-0962DC276D55}.Debug|Any CPU.ActiveCfg = Debug|Any CPU
		{64499C71-AAF1-4C7F-A3A6-0962DC276D55}.Debug|Any CPU.Build.0 = Debug|Any CPU
		{64499C71-AAF1-4C7F-A3A6-0962DC276D55}.Release|Any CPU.ActiveCfg = Release|Any CPU
		{64499C71-AAF1-4C7F-A3A6-0962DC276D55}.Release|Any CPU.Build.0 = Release|Any CPU
	EndGlobalSection
	GlobalSection(SolutionProperties) = preSolution
		HideSolutionNode = FALSE
	EndGlobalSection
	GlobalSection(ExtensibilityGlobals) = postSolution
		SolutionGuid = {48679E8E-62FB-43E9-8408-CAC29AE5EE13}
	EndGlobalSection
EndGlobal
